
Microsoft Visual Studio Solution File, Format Version 12.00
# Visual Studio Version 17
VisualStudioVersion = 17.0.32112.339
MinimumVisualStudioVersion = 10.0.40219.1
Project("{FAE04EC0-301F-11D3-BF4B-00C04F79EFBC}") = "WpfApp9", "WpfApp9\WpfApp9.csproj", "{24F5FE02-444D-4612-8BC5-AAB7623B852C}"
EndProject
Global
	GlobalSection(SolutionConfigurationPlatforms) = preSolution
		Debug|Any CPU = Debug|Any CPU
		Release|Any CPU = Release|Any CPU
	EndGlobalSection
	GlobalSection(ProjectConfigurationPlatforms) = postSolution
		{24F5FE02-444D-4612-8BC5-AAB7623B852C}.Debug|Any CPU.ActiveCfg = Debug|Any CPU
		{24F5FE02-444D-4612-8BC5-AAB7623B852C}.Debug|Any CPU.Build.0 = Debug|Any CPU
		{24F5FE02-444D-4612-8BC5-AAB7623B852C}.Release|Any CPU.ActiveCfg = Release|Any CPU
		{24F5FE02-444D-4612-8BC5-AAB7623B852C}.Release|Any CPU.Build.0 = Release|Any CPU
	EndGlobalSection
	GlobalSection(SolutionProperties) = preSolution
		HideSolutionNode = FALSE
	EndGlobalSection
	GlobalSection(ExtensibilityGlobals) = postSolution
		SolutionGuid = {93927D00-4952-408A-A3C0-3DF7CC8EF5ED}
	EndGlobalSection
EndGlobal
